
Microsoft Visual Studio Solution File, Format Version 12.00
# Visual Studio 14
VisualStudioVersion = 14.0.25420.1
MinimumVisualStudioVersion = 10.0.40219.1
Project("{2150E333-8FDC-42A3-9474-1A3956D46DE8}") = "src", "src", "{F6FB2A58-85A1-4F64-885F-E00AD0A6BD1B}"
EndProject
Project("{2150E333-8FDC-42A3-9474-1A3956D46DE8}") = "Solution Items", "Solution Items", "{2226019A-BF0A-4570-BE7C-E55783644EC2}"
	ProjectSection(SolutionItems) = preProject
		global.json = global.json
	EndProjectSection
EndProject
Project("{8BB2217D-0F2D-49D1-97BC-3654ED321F3B}") = "InternationalCookies.Data", "src\InternationalCookies.Data\InternationalCookies.Data.xproj", "{3BBC9AF5-2850-4887-9A6C-1E2DE13A98B1}"
EndProject
Project("{8BB2217D-0F2D-49D1-97BC-3654ED321F3B}") = "InternationalCookies", "src\InternationalCookies\InternationalCookies.xproj", "{CD9FE012-040D-4F7E-8A65-7EEE5F7E6AF1}"
EndProject
Project("{00D1A9C2-B5F0-4AF3-8072-F6C62B433612}") = "InternationalCookies.DataBase", "src\InternationalCookies.DataBase\InternationalCookies.DataBase.sqlproj", "{D99CF6B4-52B1-434F-B00C-EBE7A0E2AB2E}"
EndProject
Project("{151D2E53-A2C4-4D7D-83FE-D05416EBD58E}") = "InternationalCookies.Deploy-Region", "src\InternationalCookies.Deploy-Region\InternationalCookies.Deploy-Region.deployproj", "{DEFF9C24-8285-4BE0-A637-9D2A392D2907}"
EndProject
Project("{8BB2217D-0F2D-49D1-97BC-3654ED321F3B}") = "InternationalCookiesNoAuth", "src\InternationalCookies.NoAuth\InternationalCookiesNoAuth.xproj", "{DA87180F-1A96-4D8C-8DF9-DC0D231EDF36}"
EndProject
Project("{151D2E53-A2C4-4D7D-83FE-D05416EBD58E}") = "InternationalCookies.Deploy-Global", "src\InternationalCookies.Deploy-Global\InternationalCookies.Deploy-Global.deployproj", "{E44285DC-1882-4F8A-B4A8-034BD71303F5}"
EndProject
Global
	GlobalSection(SolutionConfigurationPlatforms) = preSolution
		Debug|Any CPU = Debug|Any CPU
		Release|Any CPU = Release|Any CPU
	EndGlobalSection
	GlobalSection(ProjectConfigurationPlatforms) = postSolution
		{3BBC9AF5-2850-4887-9A6C-1E2DE13A98B1}.Debug|Any CPU.ActiveCfg = Debug|Any CPU
		{3BBC9AF5-2850-4887-9A6C-1E2DE13A98B1}.Debug|Any CPU.Build.0 = Debug|Any CPU
		{3BBC9AF5-2850-4887-9A6C-1E2DE13A98B1}.Release|Any CPU.ActiveCfg = Release|Any CPU
		{3BBC9AF5-2850-4887-9A6C-1E2DE13A98B1}.Release|Any CPU.Build.0 = Release|Any CPU
		{CD9FE012-040D-4F7E-8A65-7EEE5F7E6AF1}.Debug|Any CPU.ActiveCfg = Debug|Any CPU
		{CD9FE012-040D-4F7E-8A65-7EEE5F7E6AF1}.Debug|Any CPU.Build.0 = Debug|Any CPU
		{CD9FE012-040D-4F7E-8A65-7EEE5F7E6AF1}.Release|Any CPU.ActiveCfg = Release|Any CPU
		{CD9FE012-040D-4F7E-8A65-7EEE5F7E6AF1}.Release|Any CPU.Build.0 = Release|Any CPU
		{D99CF6B4-52B1-434F-B00C-EBE7A0E2AB2E}.Debug|Any CPU.ActiveCfg = Debug|Any CPU
		{D99CF6B4-52B1-434F-B00C-EBE7A0E2AB2E}.Debug|Any CPU.Build.0 = Debug|Any CPU
		{D99CF6B4-52B1-434F-B00C-EBE7A0E2AB2E}.Debug|Any CPU.Deploy.0 = Debug|Any CPU
		{D99CF6B4-52B1-434F-B00C-EBE7A0E2AB2E}.Release|Any CPU.ActiveCfg = Release|Any CPU
		{D99CF6B4-52B1-434F-B00C-EBE7A0E2AB2E}.Release|Any CPU.Build.0 = Release|Any CPU
		{D99CF6B4-52B1-434F-B00C-EBE7A0E2AB2E}.Release|Any CPU.Deploy.0 = Release|Any CPU
		{DEFF9C24-8285-4BE0-A637-9D2A392D2907}.Debug|Any CPU.ActiveCfg = Debug|Any CPU
		{DEFF9C24-8285-4BE0-A637-9D2A392D2907}.Debug|Any CPU.Build.0 = Debug|Any CPU
		{DEFF9C24-8285-4BE0-A637-9D2A392D2907}.Release|Any CPU.ActiveCfg = Release|Any CPU
		{DEFF9C24-8285-4BE0-A637-9D2A392D2907}.Release|Any CPU.Build.0 = Release|Any CPU
		{DA87180F-1A96-4D8C-8DF9-DC0D231EDF36}.Debug|Any CPU.ActiveCfg = Debug|Any CPU
		{DA87180F-1A96-4D8C-8DF9-DC0D231EDF36}.Debug|Any CPU.Build.0 = Debug|Any CPU
		{DA87180F-1A96-4D8C-8DF9-DC0D231EDF36}.Release|Any CPU.ActiveCfg = Release|Any CPU
		{DA87180F-1A96-4D8C-8DF9-DC0D231EDF36}.Release|Any CPU.Build.0 = Release|Any CPU
		{E44285DC-1882-4F8A-B4A8-034BD71303F5}.Debug|Any CPU.ActiveCfg = Debug|Any CPU
		{E44285DC-1882-4F8A-B4A8-034BD71303F5}.Debug|Any CPU.Build.0 = Debug|Any CPU
		{E44285DC-1882-4F8A-B4A8-034BD71303F5}.Release|Any CPU.ActiveCfg = Release|Any CPU
		{E44285DC-1882-4F8A-B4A8-034BD71303F5}.Release|Any CPU.Build.0 = Release|Any CPU
	EndGlobalSection
	GlobalSection(SolutionProperties) = preSolution
		HideSolutionNode = FALSE
	EndGlobalSection
	GlobalSection(NestedProjects) = preSolution
		{3BBC9AF5-2850-4887-9A6C-1E2DE13A98B1} = {F6FB2A58-85A1-4F64-885F-E00AD0A6BD1B}
		{CD9FE012-040D-4F7E-8A65-7EEE5F7E6AF1} = {F6FB2A58-85A1-4F64-885F-E00AD0A6BD1B}
		{DA87180F-1A96-4D8C-8DF9-DC0D231EDF36} = {F6FB2A58-85A1-4F64-885F-E00AD0A6BD1B}
	EndGlobalSection
EndGlobal
